
Microsoft Visual Studio Solution File, Format Version 12.00
# Visual Studio Version 16
VisualStudioVersion = 16.0.34031.81
MinimumVisualStudioVersion = 10.0.40219.1
Project("{FAE04EC0-301F-11D3-BF4B-00C04F79EFBC}") = "Multiplos", "Multiplos\Multiplos.csproj", "{9BE2B224-C6DA-4C05-AA02-D0E6C5C25E36}"
EndProject
Global
	GlobalSection(SolutionConfigurationPlatforms) = preSolution
		Debug|Any CPU = Debug|Any CPU
		Release|Any CPU = Release|Any CPU
	EndGlobalSection
	GlobalSection(ProjectConfigurationPlatforms) = postSolution
		{9BE2B224-C6DA-4C05-AA02-D0E6C5C25E36}.Debug|Any CPU.ActiveCfg = Debug|Any CPU
		{9BE2B224-C6DA-4C05-AA02-D0E6C5C25E36}.Debug|Any CPU.Build.0 = Debug|Any CPU
		{9BE2B224-C6DA-4C05-AA02-D0E6C5C25E36}.Release|Any CPU.ActiveCfg = Release|Any CPU
		{9BE2B224-C6DA-4C05-AA02-D0E6C5C25E36}.Release|Any CPU.Build.0 = Release|Any CPU
	EndGlobalSection
	GlobalSection(SolutionProperties) = preSolution
		HideSolutionNode = FALSE
	EndGlobalSection
	GlobalSection(ExtensibilityGlobals) = postSolution
		SolutionGuid = {5B95226B-F37E-455E-83BF-9A6D6165D589}
	EndGlobalSection
EndGlobal
